
Microsoft Visual Studio Solution File, Format Version 12.00
# Visual Studio 15
VisualStudioVersion = 15.0.27428.2037
MinimumVisualStudioVersion = 10.0.40219.1
Project("{00D1A9C2-B5F0-4AF3-8072-F6C62B433612}") = "IranZehnDB", "IranZehnDB\IranZehnDB.sqlproj", "{A75FE669-DCC2-4E9C-B65A-D151673195E1}"
EndProject
Global
	GlobalSection(SolutionConfigurationPlatforms) = preSolution
		Debug|Any CPU = Debug|Any CPU
		Release|Any CPU = Release|Any CPU
	EndGlobalSection
	GlobalSection(ProjectConfigurationPlatforms) = postSolution
		{A75FE669-DCC2-4E9C-B65A-D151673195E1}.Debug|Any CPU.ActiveCfg = Debug|Any CPU
		{A75FE669-DCC2-4E9C-B65A-D151673195E1}.Debug|Any CPU.Build.0 = Debug|Any CPU
		{A75FE669-DCC2-4E9C-B65A-D151673195E1}.Debug|Any CPU.Deploy.0 = Debug|Any CPU
		{A75FE669-DCC2-4E9C-B65A-D151673195E1}.Release|Any CPU.ActiveCfg = Release|Any CPU
		{A75FE669-DCC2-4E9C-B65A-D151673195E1}.Release|Any CPU.Build.0 = Release|Any CPU
		{A75FE669-DCC2-4E9C-B65A-D151673195E1}.Release|Any CPU.Deploy.0 = Release|Any CPU
	EndGlobalSection
	GlobalSection(SolutionProperties) = preSolution
		HideSolutionNode = FALSE
	EndGlobalSection
	GlobalSection(ExtensibilityGlobals) = postSolution
		SolutionGuid = {00EB8363-F90D-409D-AE58-C40D3CC52684}
	EndGlobalSection
EndGlobal
